
Microsoft Visual Studio Solution File, Format Version 12.00
# Visual Studio 14
VisualStudioVersion = 14.0.25420.1
MinimumVisualStudioVersion = 10.0.40219.1
Project("{8BC9CEB8-8B4A-11D0-8D11-00A0C91BC942}") = "emptyExampleVS", "emptyExampleVS.vcxproj", "{6C866EA4-D211-40D1-8E03-3BBF36E13628}"
EndProject
Project("{8BC9CEB8-8B4A-11D0-8D11-00A0C91BC942}") = "openframeworksLib", "..\..\..\libs\openFrameworksCompiled\project\vs\openframeworksLib.vcxproj", "{0B96DFD6-7C28-4DD4-80E3-41F7A7499687}"
EndProject
Global
	GlobalSection(SolutionConfigurationPlatforms) = preSolution
		Debug|ARM = Debug|ARM
		Debug|x64 = Debug|x64
		Debug|x86 = Debug|x86
		Release|ARM = Release|ARM
		Release|x64 = Release|x64
		Release|x86 = Release|x86
	EndGlobalSection
	GlobalSection(ProjectConfigurationPlatforms) = postSolution
		{6C866EA4-D211-40D1-8E03-3BBF36E13628}.Debug|ARM.ActiveCfg = Debug|ARM
		{6C866EA4-D211-40D1-8E03-3BBF36E13628}.Debug|ARM.Build.0 = Debug|ARM
		{6C866EA4-D211-40D1-8E03-3BBF36E13628}.Debug|x64.ActiveCfg = Debug|x64
		{6C866EA4-D211-40D1-8E03-3BBF36E13628}.Debug|x64.Build.0 = Debug|x64
		{6C866EA4-D211-40D1-8E03-3BBF36E13628}.Debug|x86.ActiveCfg = Debug|x86
		{6C866EA4-D211-40D1-8E03-3BBF36E13628}.Debug|x86.Build.0 = Debug|x86
		{6C866EA4-D211-40D1-8E03-3BBF36E13628}.Release|ARM.ActiveCfg = Release|ARM
		{6C866EA4-D211-40D1-8E03-3BBF36E13628}.Release|ARM.Build.0 = Release|ARM
		{6C866EA4-D211-40D1-8E03-3BBF36E13628}.Release|x64.ActiveCfg = Release|x64
		{6C866EA4-D211-40D1-8E03-3BBF36E13628}.Release|x64.Build.0 = Release|x64
		{6C866EA4-D211-40D1-8E03-3BBF36E13628}.Release|x86.ActiveCfg = Release|x86
		{6C866EA4-D211-40D1-8E03-3BBF36E13628}.Release|x86.Build.0 = Release|x86
		{0B96DFD6-7C28-4DD4-80E3-41F7A7499687}.Debug|ARM.ActiveCfg = Debug|ARM
		{0B96DFD6-7C28-4DD4-80E3-41F7A7499687}.Debug|ARM.Build.0 = Debug|ARM
		{0B96DFD6-7C28-4DD4-80E3-41F7A7499687}.Debug|x64.ActiveCfg = Debug|x64
		{0B96DFD6-7C28-4DD4-80E3-41F7A7499687}.Debug|x64.Build.0 = Debug|x64
		{0B96DFD6-7C28-4DD4-80E3-41F7A7499687}.Debug|x86.ActiveCfg = Debug|x86
		{0B96DFD6-7C28-4DD4-80E3-41F7A7499687}.Debug|x86.Build.0 = Debug|x86
		{0B96DFD6-7C28-4DD4-80E3-41F7A7499687}.Release|ARM.ActiveCfg = Release|ARM
		{0B96DFD6-7C28-4DD4-80E3-41F7A7499687}.Release|ARM.Build.0 = Release|ARM
		{0B96DFD6-7C28-4DD4-80E3-41F7A7499687}.Release|x64.ActiveCfg = Release|x64
		{0B96DFD6-7C28-4DD4-80E3-41F7A7499687}.Release|x64.Build.0 = Release|x64
		{0B96DFD6-7C28-4DD4-80E3-41F7A7499687}.Release|x86.ActiveCfg = Release|x86
		{0B96DFD6-7C28-4DD4-80E3-41F7A7499687}.Release|x86.Build.0 = Release|x86
	EndGlobalSection
	GlobalSection(SolutionProperties) = preSolution
		HideSolutionNode = FALSE
	EndGlobalSection
EndGlobal
